<?xml version="1.0" encoding="UTF-8"?>
<!DOCTYPE plist PUBLIC "-//Apple//DTD PLIST 1.0//EN" "http://www.apple.com/DTDs/PropertyList-1.0.dtd">
<plist version="1.0">
<dict>
	<key>archiveVersion</key>
	<string>1</string>
	<key>classes</key>
	<dict/>
	<key>objectVersion</key>
	<string>46</string>
	<key>objects</key>
	<dict>
		<key>1D738B834E236117B74B5DE2</key>
		<dict>
			<key>buildActionMask</key>
			<string>2147483647</string>
			<key>files</key>
			<array/>
			<key>inputPaths</key>
			<array/>
			<key>isa</key>
			<string>PBXShellScriptBuildPhase</string>
			<key>name</key>
			<string>&#128230; Copy Pods Resources</string>
			<key>outputPaths</key>
			<array/>
			<key>runOnlyForDeploymentPostprocessing</key>
			<string>0</string>
			<key>shellPath</key>
			<string>/bin/sh</string>
			<key>shellScript</key>
			<string>"${SRCROOT}/Pods/Target Support Files/Pods-LeanDesign/Pods-LeanDesign-resources.sh"
</string>
			<key>showEnvVarsInLog</key>
			<string>0</string>
		</dict>
		<key>3F6E620C7524C3FC9EF9A9D9</key>
		<dict>
			<key>explicitFileType</key>
			<string>wrapper.framework</string>
			<key>includeInIndex</key>
			<string>0</string>
			<key>isa</key>
			<string>PBXFileReference</string>
			<key>path</key>
			<string>Pods_LeanDesign.framework</string>
			<key>sourceTree</key>
			<string>BUILT_PRODUCTS_DIR</string>
		</dict>
		<key>4C6FF513CCE9EBB253D6BD35</key>
		<dict>
			<key>children</key>
			<array>
				<string>3F6E620C7524C3FC9EF9A9D9</string>
			</array>
			<key>isa</key>
			<string>PBXGroup</string>
			<key>name</key>
			<string>Frameworks</string>
			<key>sourceTree</key>
			<string>&lt;group&gt;</string>
		</dict>
		<key>56E5CC4B187F18A5A09B1A54</key>
		<dict>
			<key>includeInIndex</key>
			<string>1</string>
			<key>isa</key>
			<string>PBXFileReference</string>
			<key>lastKnownFileType</key>
			<string>text.xcconfig</string>
			<key>name</key>
			<string>Pods-LeanDesign.debug.xcconfig</string>
			<key>path</key>
			<string>Pods/Target Support Files/Pods-LeanDesign/Pods-LeanDesign.debug.xcconfig</string>
			<key>sourceTree</key>
			<string>&lt;group&gt;</string>
		</dict>
		<key>59699B5422D4A2BF5104CCF8</key>
		<dict>
			<key>includeInIndex</key>
			<string>1</string>
			<key>isa</key>
			<string>PBXFileReference</string>
			<key>lastKnownFileType</key>
			<string>text.xcconfig</string>
			<key>name</key>
			<string>Pods-LeanDesign.release.xcconfig</string>
			<key>path</key>
			<string>Pods/Target Support Files/Pods-LeanDesign/Pods-LeanDesign.release.xcconfig</string>
			<key>sourceTree</key>
			<string>&lt;group&gt;</string>
		</dict>
		<key>82D13ED936FAF17E7CFE8E36</key>
		<dict>
			<key>buildActionMask</key>
			<string>2147483647</string>
			<key>files</key>
			<array/>
			<key>inputPaths</key>
			<array/>
			<key>isa</key>
			<string>PBXShellScriptBuildPhase</string>
			<key>name</key>
			<string>&#128230; Check Pods Manifest.lock</string>
			<key>outputPaths</key>
			<array/>
			<key>runOnlyForDeploymentPostprocessing</key>
			<string>0</string>
			<key>shellPath</key>
			<string>/bin/sh</string>
			<key>shellScript</key>
			<string>diff "${PODS_ROOT}/../Podfile.lock" "${PODS_ROOT}/Manifest.lock" &gt; /dev/null
if [[ $? != 0 ]] ; then
    cat &lt;&lt; EOM
error: The sandbox is not in sync with the Podfile.lock. Run 'pod install' or update your CocoaPods installation.
EOM
    exit 1
fi
</string>
			<key>showEnvVarsInLog</key>
			<string>0</string>
		</dict>
		<key>CB321AD61DBE067B00FD5F43</key>
		<dict>
			<key>fileEncoding</key>
			<string>4</string>
			<key>isa</key>
			<string>PBXFileReference</string>
			<key>lastKnownFileType</key>
			<string>sourcecode.swift</string>
			<key>path</key>
			<string>SendMessageController.swift</string>
			<key>sourceTree</key>
			<string>&lt;group&gt;</string>
		</dict>
		<key>CB321AD71DBE067C00FD5F43</key>
		<dict>
			<key>fileRef</key>
			<string>CB321AD61DBE067B00FD5F43</string>
			<key>isa</key>
			<string>PBXBuildFile</string>
		</dict>
		<key>CB34A1841DC714260020F53E</key>
		<dict>
			<key>fileEncoding</key>
			<string>4</string>
			<key>isa</key>
			<string>PBXFileReference</string>
			<key>lastKnownFileType</key>
			<string>sourcecode.swift</string>
			<key>path</key>
			<string>NotificationView.swift</string>
			<key>sourceTree</key>
			<string>&lt;group&gt;</string>
		</dict>
		<key>CB34A1851DC714260020F53E</key>
		<dict>
			<key>fileRef</key>
			<string>CB34A1841DC714260020F53E</string>
			<key>isa</key>
			<string>PBXBuildFile</string>
		</dict>
		<key>CB39FAD31D942944007E9365</key>
		<dict>
			<key>fileEncoding</key>
			<string>4</string>
			<key>isa</key>
			<string>PBXFileReference</string>
			<key>lastKnownFileType</key>
			<string>sourcecode.swift</string>
			<key>path</key>
			<string>TaskViewController.swift</string>
			<key>sourceTree</key>
			<string>&lt;group&gt;</string>
		</dict>
		<key>CB39FAD41D942944007E9365</key>
		<dict>
			<key>fileRef</key>
			<string>CB39FAD31D942944007E9365</string>
			<key>isa</key>
			<string>PBXBuildFile</string>
		</dict>
		<key>CB39FAD51D942A17007E9365</key>
		<dict>
			<key>fileEncoding</key>
			<string>4</string>
			<key>isa</key>
			<string>PBXFileReference</string>
			<key>lastKnownFileType</key>
			<string>sourcecode.swift</string>
			<key>path</key>
			<string>ArchiveViewController.swift</string>
			<key>sourceTree</key>
			<string>&lt;group&gt;</string>
		</dict>
		<key>CB39FAD61D942A17007E9365</key>
		<dict>
			<key>fileRef</key>
			<string>CB39FAD51D942A17007E9365</string>
			<key>isa</key>
			<string>PBXBuildFile</string>
		</dict>
		<key>CB39FAD71D942A24007E9365</key>
		<dict>
			<key>children</key>
			<array>
				<string>CB39FAD31D942944007E9365</string>
				<string>CB39FAD51D942A17007E9365</string>
				<string>CB39FAD81D942A48007E9365</string>
				<string>CB39FADA1D942A60007E9365</string>
				<string>CB39FADC1D942A78007E9365</string>
				<string>CB39FADE1D942A92007E9365</string>
				<string>CB39FAE01D942AAA007E9365</string>
				<string>CB39FAE21D942AD9007E9365</string>
				<string>CB39FAE41D942AED007E9365</string>
				<string>CB39FAEB1D942B6D007E9365</string>
				<string>CB321AD61DBE067B00FD5F43</string>
				<string>CB3BDF171DCEF5BD00479CEE</string>
				<string>CBF891801DDAD2A800437DEA</string>
				<string>CBF891821DDAE1A800437DEA</string>
			</array>
			<key>isa</key>
			<string>PBXGroup</string>
			<key>name</key>
			<string>Controllers</string>
			<key>sourceTree</key>
			<string>&lt;group&gt;</string>
		</dict>
		<key>CB39FAD81D942A48007E9365</key>
		<dict>
			<key>fileEncoding</key>
			<string>4</string>
			<key>isa</key>
			<string>PBXFileReference</string>
			<key>lastKnownFileType</key>
			<string>sourcecode.swift</string>
			<key>path</key>
			<string>NewTaskController.swift</string>
			<key>sourceTree</key>
			<string>&lt;group&gt;</string>
		</dict>
		<key>CB39FAD91D942A48007E9365</key>
		<dict>
			<key>fileRef</key>
			<string>CB39FAD81D942A48007E9365</string>
			<key>isa</key>
			<string>PBXBuildFile</string>
		</dict>
		<key>CB39FADA1D942A60007E9365</key>
		<dict>
			<key>fileEncoding</key>
			<string>4</string>
			<key>isa</key>
			<string>PBXFileReference</string>
			<key>lastKnownFileType</key>
			<string>sourcecode.swift</string>
			<key>path</key>
			<string>LoginController.swift</string>
			<key>sourceTree</key>
			<string>&lt;group&gt;</string>
		</dict>
		<key>CB39FADB1D942A60007E9365</key>
		<dict>
			<key>fileRef</key>
			<string>CB39FADA1D942A60007E9365</string>
			<key>isa</key>
			<string>PBXBuildFile</string>
		</dict>
		<key>CB39FADC1D942A78007E9365</key>
		<dict>
			<key>fileEncoding</key>
			<string>4</string>
			<key>isa</key>
			<string>PBXFileReference</string>
			<key>lastKnownFileType</key>
			<string>sourcecode.swift</string>
			<key>path</key>
			<string>ChatViewController.swift</string>
			<key>sourceTree</key>
			<string>&lt;group&gt;</string>
		</dict>
		<key>CB39FADD1D942A78007E9365</key>
		<dict>
			<key>fileRef</key>
			<string>CB39FADC1D942A78007E9365</string>
			<key>isa</key>
			<string>PBXBuildFile</string>
		</dict>
		<key>CB39FADE1D942A92007E9365</key>
		<dict>
			<key>fileEncoding</key>
			<string>4</string>
			<key>isa</key>
			<string>PBXFileReference</string>
			<key>lastKnownFileType</key>
			<string>sourcecode.swift</string>
			<key>path</key>
			<string>SettingsLauncher.swift</string>
			<key>sourceTree</key>
			<string>&lt;group&gt;</string>
		</dict>
		<key>CB39FADF1D942A92007E9365</key>
		<dict>
			<key>fileRef</key>
			<string>CB39FADE1D942A92007E9365</string>
			<key>isa</key>
			<string>PBXBuildFile</string>
		</dict>
		<key>CB39FAE01D942AAA007E9365</key>
		<dict>
			<key>fileEncoding</key>
			<string>4</string>
			<key>isa</key>
			<string>PBXFileReference</string>
			<key>lastKnownFileType</key>
			<string>sourcecode.swift</string>
			<key>path</key>
			<string>NewClientViewController.swift</string>
			<key>sourceTree</key>
			<string>&lt;group&gt;</string>
		</dict>
		<key>CB39FAE11D942AAA007E9365</key>
		<dict>
			<key>fileRef</key>
			<string>CB39FAE01D942AAA007E9365</string>
			<key>isa</key>
			<string>PBXBuildFile</string>
		</dict>
		<key>CB39FAE21D942AD9007E9365</key>
		<dict>
			<key>fileEncoding</key>
			<string>4</string>
			<key>isa</key>
			<string>PBXFileReference</string>
			<key>lastKnownFileType</key>
			<string>sourcecode.swift</string>
			<key>path</key>
			<string>ProfileViewController.swift</string>
			<key>sourceTree</key>
			<string>&lt;group&gt;</string>
		</dict>
		<key>CB39FAE31D942AD9007E9365</key>
		<dict>
			<key>fileRef</key>
			<string>CB39FAE21D942AD9007E9365</string>
			<key>isa</key>
			<string>PBXBuildFile</string>
		</dict>
		<key>CB39FAE41D942AED007E9365</key>
		<dict>
			<key>fileEncoding</key>
			<string>4</string>
			<key>isa</key>
			<string>PBXFileReference</string>
			<key>lastKnownFileType</key>
			<string>sourcecode.swift</string>
			<key>path</key>
			<string>UserProfileViewController.swift</string>
			<key>sourceTree</key>
			<string>&lt;group&gt;</string>
		</dict>
		<key>CB39FAE51D942AED007E9365</key>
		<dict>
			<key>fileRef</key>
			<string>CB39FAE41D942AED007E9365</string>
			<key>isa</key>
			<string>PBXBuildFile</string>
		</dict>
		<key>CB39FAE81D942B2B007E9365</key>
		<dict>
			<key>fileEncoding</key>
			<string>4</string>
			<key>isa</key>
			<string>PBXFileReference</string>
			<key>lastKnownFileType</key>
			<string>sourcecode.swift</string>
			<key>path</key>
			<string>NewTaskController+handlers.swift</string>
			<key>sourceTree</key>
			<string>&lt;group&gt;</string>
		</dict>
		<key>CB39FAE91D942B2B007E9365</key>
		<dict>
			<key>fileRef</key>
			<string>CB39FAE81D942B2B007E9365</string>
			<key>isa</key>
			<string>PBXBuildFile</string>
		</dict>
		<key>CB39FAEA1D942B3A007E9365</key>
		<dict>
			<key>children</key>
			<array>
				<string>CB39FAE81D942B2B007E9365</string>
			</array>
			<key>isa</key>
			<string>PBXGroup</string>
			<key>name</key>
			<string>Helpers</string>
			<key>sourceTree</key>
			<string>&lt;group&gt;</string>
		</dict>
		<key>CB39FAEB1D942B6D007E9365</key>
		<dict>
			<key>fileEncoding</key>
			<string>4</string>
			<key>isa</key>
			<string>PBXFileReference</string>
			<key>lastKnownFileType</key>
			<string>sourcecode.swift</string>
			<key>path</key>
			<string>ConceptViewController.swift</string>
			<key>sourceTree</key>
			<string>&lt;group&gt;</string>
		</dict>
		<key>CB39FAEC1D942B6D007E9365</key>
		<dict>
			<key>fileRef</key>
			<string>CB39FAEB1D942B6D007E9365</string>
			<key>isa</key>
			<string>PBXBuildFile</string>
		</dict>
		<key>CB39FAED1D942B8C007E9365</key>
		<dict>
			<key>fileEncoding</key>
			<string>4</string>
			<key>isa</key>
			<string>PBXFileReference</string>
			<key>lastKnownFileType</key>
			<string>sourcecode.swift</string>
			<key>path</key>
			<string>Extensions.swift</string>
			<key>sourceTree</key>
			<string>&lt;group&gt;</string>
		</dict>
		<key>CB39FAEE1D942B8C007E9365</key>
		<dict>
			<key>fileRef</key>
			<string>CB39FAED1D942B8C007E9365</string>
			<key>isa</key>
			<string>PBXBuildFile</string>
		</dict>
		<key>CB39FAEF1D942B9A007E9365</key>
		<dict>
			<key>children</key>
			<array>
				<string>CB39FAED1D942B8C007E9365</string>
			</array>
			<key>isa</key>
			<string>PBXGroup</string>
			<key>name</key>
			<string>Extensions</string>
			<key>sourceTree</key>
			<string>&lt;group&gt;</string>
		</dict>
		<key>CB39FAF01D942BAF007E9365</key>
		<dict>
			<key>children</key>
			<array>
				<string>CB39FAF11D942BBC007E9365</string>
				<string>CB39FAF31D942BC4007E9365</string>
				<string>CB39FAF51D942BCF007E9365</string>
				<string>CB39FAF71D942BDA007E9365</string>
			</array>
			<key>isa</key>
			<string>PBXGroup</string>
			<key>name</key>
			<string>Model</string>
			<key>sourceTree</key>
			<string>&lt;group&gt;</string>
		</dict>
		<key>CB39FAF11D942BBC007E9365</key>
		<dict>
			<key>fileEncoding</key>
			<string>4</string>
			<key>isa</key>
			<string>PBXFileReference</string>
			<key>lastKnownFileType</key>
			<string>sourcecode.swift</string>
			<key>path</key>
			<string>Task.swift</string>
			<key>sourceTree</key>
			<string>&lt;group&gt;</string>
		</dict>
		<key>CB39FAF21D942BBC007E9365</key>
		<dict>
			<key>fileRef</key>
			<string>CB39FAF11D942BBC007E9365</string>
			<key>isa</key>
			<string>PBXBuildFile</string>
		</dict>
		<key>CB39FAF31D942BC4007E9365</key>
		<dict>
			<key>fileEncoding</key>
			<string>4</string>
			<key>isa</key>
			<string>PBXFileReference</string>
			<key>lastKnownFileType</key>
			<string>sourcecode.swift</string>
			<key>path</key>
			<string>User.swift</string>
			<key>sourceTree</key>
			<string>&lt;group&gt;</string>
		</dict>
		<key>CB39FAF41D942BC4007E9365</key>
		<dict>
			<key>fileRef</key>
			<string>CB39FAF31D942BC4007E9365</string>
			<key>isa</key>
			<string>PBXBuildFile</string>
		</dict>
		<key>CB39FAF51D942BCF007E9365</key>
		<dict>
			<key>fileEncoding</key>
			<string>4</string>
			<key>isa</key>
			<string>PBXFileReference</string>
			<key>lastKnownFileType</key>
			<string>sourcecode.swift</string>
			<key>path</key>
			<string>Message.swift</string>
			<key>sourceTree</key>
			<string>&lt;group&gt;</string>
		</dict>
		<key>CB39FAF61D942BCF007E9365</key>
		<dict>
			<key>fileRef</key>
			<string>CB39FAF51D942BCF007E9365</string>
			<key>isa</key>
			<string>PBXBuildFile</string>
		</dict>
		<key>CB39FAF71D942BDA007E9365</key>
		<dict>
			<key>fileEncoding</key>
			<string>4</string>
			<key>isa</key>
			<string>PBXFileReference</string>
			<key>lastKnownFileType</key>
			<string>sourcecode.swift</string>
			<key>path</key>
			<string>Concept.swift</string>
			<key>sourceTree</key>
			<string>&lt;group&gt;</string>
		</dict>
		<key>CB39FAF81D942BDA007E9365</key>
		<dict>
			<key>fileRef</key>
			<string>CB39FAF71D942BDA007E9365</string>
			<key>isa</key>
			<string>PBXBuildFile</string>
		</dict>
		<key>CB39FAF91D942BF9007E9365</key>
		<dict>
			<key>children</key>
			<array>
				<string>CB39FAFA1D942C04007E9365</string>
				<string>CB39FAFC1D942C18007E9365</string>
				<string>CB39FAFE1D942C24007E9365</string>
				<string>CB39FB001D942C32007E9365</string>
				<string>CB39FB0B1D94E92F007E9365</string>
				<string>CBA702E61DD8219F009F3AD1</string>
				<string>CB39FB021D942C3F007E9365</string>
				<string>CB39FB0D1D952156007E9365</string>
				<string>CB5F4D0D1DBCC12600530341</string>
				<string>CB34A1841DC714260020F53E</string>
			</array>
			<key>isa</key>
			<string>PBXGroup</string>
			<key>name</key>
			<string>View</string>
			<key>sourceTree</key>
			<string>&lt;group&gt;</string>
		</dict>
		<key>CB39FAFA1D942C04007E9365</key>
		<dict>
			<key>fileEncoding</key>
			<string>4</string>
			<key>isa</key>
			<string>PBXFileReference</string>
			<key>lastKnownFileType</key>
			<string>sourcecode.swift</string>
			<key>path</key>
			<string>TaskCell.swift</string>
			<key>sourceTree</key>
			<string>&lt;group&gt;</string>
		</dict>
		<key>CB39FAFB1D942C04007E9365</key>
		<dict>
			<key>fileRef</key>
			<string>CB39FAFA1D942C04007E9365</string>
			<key>isa</key>
			<string>PBXBuildFile</string>
		</dict>
		<key>CB39FAFC1D942C18007E9365</key>
		<dict>
			<key>fileEncoding</key>
			<string>4</string>
			<key>isa</key>
			<string>PBXFileReference</string>
			<key>lastKnownFileType</key>
			<string>sourcecode.swift</string>
			<key>path</key>
			<string>ChatMessageCell.swift</string>
			<key>sourceTree</key>
			<string>&lt;group&gt;</string>
		</dict>
		<key>CB39FAFD1D942C18007E9365</key>
		<dict>
			<key>fileRef</key>
			<string>CB39FAFC1D942C18007E9365</string>
			<key>isa</key>
			<string>PBXBuildFile</string>
		</dict>
		<key>CB39FAFE1D942C24007E9365</key>
		<dict>
			<key>fileEncoding</key>
			<string>4</string>
			<key>isa</key>
			<string>PBXFileReference</string>
			<key>lastKnownFileType</key>
			<string>sourcecode.swift</string>
			<key>path</key>
			<string>SettingCell.swift</string>
			<key>sourceTree</key>
			<string>&lt;group&gt;</string>
		</dict>
		<key>CB39FAFF1D942C24007E9365</key>
		<dict>
			<key>fileRef</key>
			<string>CB39FAFE1D942C24007E9365</string>
			<key>isa</key>
			<string>PBXBuildFile</string>
		</dict>
		<key>CB39FB001D942C32007E9365</key>
		<dict>
			<key>fileEncoding</key>
			<string>4</string>
			<key>isa</key>
			<string>PBXFileReference</string>
			<key>lastKnownFileType</key>
			<string>sourcecode.swift</string>
			<key>path</key>
			<string>CompanyView.swift</string>
			<key>sourceTree</key>
			<string>&lt;group&gt;</string>
		</dict>
		<key>CB39FB011D942C32007E9365</key>
		<dict>
			<key>fileRef</key>
			<string>CB39FB001D942C32007E9365</string>
			<key>isa</key>
			<string>PBXBuildFile</string>
		</dict>
		<key>CB39FB021D942C3F007E9365</key>
		<dict>
			<key>fileEncoding</key>
			<string>4</string>
			<key>isa</key>
			<string>PBXFileReference</string>
			<key>lastKnownFileType</key>
			<string>sourcecode.swift</string>
			<key>path</key>
			<string>ButtonView.swift</string>
			<key>sourceTree</key>
			<string>&lt;group&gt;</string>
		</dict>
		<key>CB39FB031D942C3F007E9365</key>
		<dict>
			<key>fileRef</key>
			<string>CB39FB021D942C3F007E9365</string>
			<key>isa</key>
			<string>PBXBuildFile</string>
		</dict>
		<key>CB39FB041D942C6E007E9365</key>
		<dict>
			<key>isa</key>
			<string>PBXFileReference</string>
			<key>lastKnownFileType</key>
			<string>image.gif</string>
			<key>path</key>
			<string>spinner-duo.gif</string>
			<key>sourceTree</key>
			<string>&lt;group&gt;</string>
		</dict>
		<key>CB39FB051D942C6E007E9365</key>
		<dict>
			<key>isa</key>
			<string>PBXFileReference</string>
			<key>lastKnownFileType</key>
			<string>image.gif</string>
			<key>path</key>
			<string>spinner.gif</string>
			<key>sourceTree</key>
			<string>&lt;group&gt;</string>
		</dict>
		<key>CB39FB061D942C6E007E9365</key>
		<dict>
			<key>fileRef</key>
			<string>CB39FB041D942C6E007E9365</string>
			<key>isa</key>
			<string>PBXBuildFile</string>
		</dict>
		<key>CB39FB071D942C6E007E9365</key>
		<dict>
			<key>fileRef</key>
			<string>CB39FB051D942C6E007E9365</string>
			<key>isa</key>
			<string>PBXBuildFile</string>
		</dict>
		<key>CB39FB081D942DFD007E9365</key>
		<dict>
			<key>buildActionMask</key>
			<string>2147483647</string>
			<key>files</key>
			<array/>
			<key>inputPaths</key>
			<array/>
			<key>isa</key>
			<string>PBXShellScriptBuildPhase</string>
			<key>outputPaths</key>
			<array/>
			<key>runOnlyForDeploymentPostprocessing</key>
			<string>0</string>
			<key>shellPath</key>
			<string>/bin/sh</string>
			<key>shellScript</key>
			<string>"${PODS_ROOT}/Fabric/run" 4c3206649b9585ae6d6e867b3b3b67100517b69e 3cd86dee7baf45e020d65ab47555d49d70e6712b901c40e599ff97a28d160c00</string>
		</dict>
		<key>CB39FB0B1D94E92F007E9365</key>
		<dict>
			<key>fileEncoding</key>
			<string>4</string>
			<key>isa</key>
			<string>PBXFileReference</string>
			<key>lastKnownFileType</key>
			<string>sourcecode.swift</string>
			<key>path</key>
			<string>StepsView.swift</string>
			<key>sourceTree</key>
			<string>&lt;group&gt;</string>
		</dict>
		<key>CB39FB0C1D94E92F007E9365</key>
		<dict>
			<key>fileRef</key>
			<string>CB39FB0B1D94E92F007E9365</string>
			<key>isa</key>
			<string>PBXBuildFile</string>
		</dict>
		<key>CB39FB0D1D952156007E9365</key>
		<dict>
			<key>fileEncoding</key>
			<string>4</string>
			<key>isa</key>
			<string>PBXFileReference</string>
			<key>lastKnownFileType</key>
			<string>sourcecode.swift</string>
			<key>path</key>
			<string>EmptyTableView.swift</string>
			<key>sourceTree</key>
			<string>&lt;group&gt;</string>
		</dict>
		<key>CB39FB0E1D952156007E9365</key>
		<dict>
			<key>fileRef</key>
			<string>CB39FB0D1D952156007E9365</string>
			<key>isa</key>
			<string>PBXBuildFile</string>
		</dict>
		<key>CB39FB0F1D954FB4007E9365</key>
		<dict>
			<key>isa</key>
			<string>PBXFileReference</string>
			<key>lastKnownFileType</key>
			<string>image.gif</string>
			<key>path</key>
			<string>loader.gif</string>
			<key>sourceTree</key>
			<string>&lt;group&gt;</string>
		</dict>
		<key>CB39FB101D954FB4007E9365</key>
		<dict>
			<key>fileRef</key>
			<string>CB39FB0F1D954FB4007E9365</string>
			<key>isa</key>
			<string>PBXBuildFile</string>
		</dict>
		<key>CB3BDF171DCEF5BD00479CEE</key>
		<dict>
			<key>fileEncoding</key>
			<string>4</string>
			<key>isa</key>
			<string>PBXFileReference</string>
			<key>lastKnownFileType</key>
			<string>sourcecode.swift</string>
			<key>path</key>
			<string>StartViewController.swift</string>
			<key>sourceTree</key>
			<string>&lt;group&gt;</string>
		</dict>
		<key>CB3BDF181DCEF5BD00479CEE</key>
		<dict>
			<key>fileRef</key>
			<string>CB3BDF171DCEF5BD00479CEE</string>
			<key>isa</key>
			<string>PBXBuildFile</string>
		</dict>
		<key>CB5F4D0D1DBCC12600530341</key>
		<dict>
			<key>fileEncoding</key>
			<string>4</string>
			<key>isa</key>
			<string>PBXFileReference</string>
			<key>lastKnownFileType</key>
			<string>sourcecode.swift</string>
			<key>path</key>
			<string>ZoomingImageView.swift</string>
			<key>sourceTree</key>
			<string>&lt;group&gt;</string>
		</dict>
		<key>CB5F4D0E1DBCC12600530341</key>
		<dict>
			<key>fileRef</key>
			<string>CB5F4D0D1DBCC12600530341</string>
			<key>isa</key>
			<string>PBXBuildFile</string>
		</dict>
		<key>CB6C741F1D99BAED00441588</key>
		<dict>
			<key>isa</key>
			<string>PBXFileReference</string>
			<key>lastKnownFileType</key>
			<string>text.plist.strings</string>
			<key>name</key>
			<string>ru</string>
			<key>path</key>
			<string>ru.lproj/Main.strings</string>
			<key>sourceTree</key>
			<string>&lt;group&gt;</string>
		</dict>
		<key>CB6C74201D99BAED00441588</key>
		<dict>
			<key>isa</key>
			<string>PBXFileReference</string>
			<key>lastKnownFileType</key>
			<string>text.plist.strings</string>
			<key>name</key>
			<string>ru</string>
			<key>path</key>
			<string>ru.lproj/LaunchScreen.strings</string>
			<key>sourceTree</key>
			<string>&lt;group&gt;</string>
		</dict>
		<key>CBA702E61DD8219F009F3AD1</key>
		<dict>
			<key>fileEncoding</key>
			<string>4</string>
			<key>isa</key>
			<string>PBXFileReference</string>
			<key>lastKnownFileType</key>
			<string>sourcecode.swift</string>
			<key>path</key>
			<string>ChatBannerView.swift</string>
			<key>sourceTree</key>
			<string>&lt;group&gt;</string>
		</dict>
		<key>CBA702E71DD8219F009F3AD1</key>
		<dict>
			<key>fileRef</key>
			<string>CBA702E61DD8219F009F3AD1</string>
			<key>isa</key>
			<string>PBXBuildFile</string>
		</dict>
		<key>CBB78A9C1DE7D41500360D51</key>
		<dict>
			<key>isa</key>
			<string>PBXFileReference</string>
			<key>lastKnownFileType</key>
			<string>text.plist.entitlements</string>
			<key>path</key>
			<string>LeanDesign.entitlements</string>
			<key>sourceTree</key>
			<string>&lt;group&gt;</string>
		</dict>
		<key>CBE682AF1D93EBD300CB3679</key>
		<dict>
			<key>children</key>
			<array>
				<string>CBB78A9C1DE7D41500360D51</string>
				<string>CBE682BA1D93EBD300CB3679</string>
				<string>CBE682B91D93EBD300CB3679</string>
				<string>FAE6F8CEE853257B5119A9F0</string>
				<string>4C6FF513CCE9EBB253D6BD35</string>
			</array>
			<key>isa</key>
			<string>PBXGroup</string>
			<key>sourceTree</key>
			<string>&lt;group&gt;</string>
		</dict>
		<key>CBE682B01D93EBD300CB3679</key>
		<dict>
			<key>attributes</key>
			<dict>
				<key>LastSwiftUpdateCheck</key>
				<string>0730</string>
				<key>LastUpgradeCheck</key>
				<string>0730</string>
				<key>ORGANIZATIONNAME</key>
				<string>LeshaReva</string>
				<key>TargetAttributes</key>
				<dict>
					<key>CBE682B71D93EBD300CB3679</key>
					<dict>
						<key>CreatedOnToolsVersion</key>
						<string>7.3.1</string>
						<key>DevelopmentTeam</key>
						<string>74DED593Z8</string>
						<key>LastSwiftMigration</key>
						<string>0810</string>
						<key>SystemCapabilities</key>
						<dict>
							<key>com.apple.BackgroundModes</key>
							<dict>
								<key>enabled</key>
								<string>1</string>
							</dict>
							<key>com.apple.Keychain</key>
							<dict>
								<key>enabled</key>
								<string>1</string>
							</dict>
							<key>com.apple.Push</key>
							<dict>
								<key>enabled</key>
								<string>1</string>
							</dict>
						</dict>
					</dict>
				</dict>
			</dict>
			<key>buildConfigurationList</key>
			<string>CBE682B31D93EBD300CB3679</string>
			<key>compatibilityVersion</key>
			<string>Xcode 3.2</string>
			<key>developmentRegion</key>
			<string>English</string>
			<key>hasScannedForEncodings</key>
			<string>0</string>
			<key>isa</key>
			<string>PBXProject</string>
			<key>knownRegions</key>
			<array>
				<string>en</string>
				<string>Base</string>
			</array>
			<key>mainGroup</key>
			<string>CBE682AF1D93EBD300CB3679</string>
			<key>productRefGroup</key>
			<string>CBE682B91D93EBD300CB3679</string>
			<key>projectDirPath</key>
			<string></string>
			<key>projectReferences</key>
			<array/>
			<key>projectRoot</key>
			<string></string>
			<key>targets</key>
			<array>
				<string>CBE682B71D93EBD300CB3679</string>
			</array>
		</dict>
		<key>CBE682B31D93EBD300CB3679</key>
		<dict>
			<key>buildConfigurations</key>
			<array>
				<string>CBE682C81D93EBD400CB3679</string>
				<string>CBE682C91D93EBD400CB3679</string>
			</array>
			<key>defaultConfigurationIsVisible</key>
			<string>0</string>
			<key>defaultConfigurationName</key>
			<string>Release</string>
			<key>isa</key>
			<string>XCConfigurationList</string>
		</dict>
		<key>CBE682B41D93EBD300CB3679</key>
		<dict>
			<key>buildActionMask</key>
			<string>2147483647</string>
			<key>files</key>
			<array>
				<string>CBA702E71DD8219F009F3AD1</string>
				<string>CB39FAE91D942B2B007E9365</string>
				<string>CB3BDF181DCEF5BD00479CEE</string>
				<string>CB321AD71DBE067C00FD5F43</string>
				<string>CB39FB0E1D952156007E9365</string>
				<string>CB39FAFD1D942C18007E9365</string>
				<string>CB39FAE11D942AAA007E9365</string>
				<string>CB39FAE51D942AED007E9365</string>
				<string>CBF891831DDAE1A800437DEA</string>
				<string>CB39FAF61D942BCF007E9365</string>
				<string>CB39FB031D942C3F007E9365</string>
				<string>CBF891811DDAD2A800437DEA</string>
				<string>CB34A1851DC714260020F53E</string>
				<string>CBE682BC1D93EBD400CB3679</string>
				<string>CB39FAF41D942BC4007E9365</string>
				<string>CB39FAFB1D942C04007E9365</string>
				<string>CB39FAEC1D942B6D007E9365</string>
				<string>CB39FAD61D942A17007E9365</string>
				<string>CB39FAF81D942BDA007E9365</string>
				<string>CB39FAFF1D942C24007E9365</string>
				<string>CB39FAD41D942944007E9365</string>
				<string>CB39FAF21D942BBC007E9365</string>
				<string>CB39FB011D942C32007E9365</string>
				<string>CB39FADF1D942A92007E9365</string>
				<string>CB39FAD91D942A48007E9365</string>
				<string>CB39FAE31D942AD9007E9365</string>
				<string>CB39FADD1D942A78007E9365</string>
				<string>CB39FB0C1D94E92F007E9365</string>
				<string>CB39FADB1D942A60007E9365</string>
				<string>CB5F4D0E1DBCC12600530341</string>
				<string>CB39FAEE1D942B8C007E9365</string>
			</array>
			<key>isa</key>
			<string>PBXSourcesBuildPhase</string>
			<key>runOnlyForDeploymentPostprocessing</key>
			<string>0</string>
		</dict>
		<key>CBE682B51D93EBD300CB3679</key>
		<dict>
			<key>buildActionMask</key>
			<string>2147483647</string>
			<key>files</key>
			<array>
				<string>F6A5031F176D2E61DAF9FB33</string>
			</array>
			<key>isa</key>
			<string>PBXFrameworksBuildPhase</string>
			<key>runOnlyForDeploymentPostprocessing</key>
			<string>0</string>
		</dict>
		<key>CBE682B61D93EBD300CB3679</key>
		<dict>
			<key>buildActionMask</key>
			<string>2147483647</string>
			<key>files</key>
			<array>
				<string>CBFDCB061DD6F41C0038BE90</string>
				<string>CB39FB061D942C6E007E9365</string>
				<string>CBE682C61D93EBD400CB3679</string>
				<string>CBFDCB081DD6F5A30038BE90</string>
				<string>CBE682C31D93EBD400CB3679</string>
				<string>CB39FB101D954FB4007E9365</string>
				<string>CB39FB071D942C6E007E9365</string>
				<string>CBE682C11D93EBD400CB3679</string>
			</array>
			<key>isa</key>
			<string>PBXResourcesBuildPhase</string>
			<key>runOnlyForDeploymentPostprocessing</key>
			<string>0</string>
		</dict>
		<key>CBE682B71D93EBD300CB3679</key>
		<dict>
			<key>buildConfigurationList</key>
			<string>CBE682CA1D93EBD400CB3679</string>
			<key>buildPhases</key>
			<array>
				<string>82D13ED936FAF17E7CFE8E36</string>
				<string>CBE682B41D93EBD300CB3679</string>
				<string>CBE682B51D93EBD300CB3679</string>
				<string>CBE682B61D93EBD300CB3679</string>
				<string>E717952903A8C4B153DE3BDB</string>
				<string>1D738B834E236117B74B5DE2</string>
				<string>CB39FB081D942DFD007E9365</string>
			</array>
			<key>buildRules</key>
			<array/>
			<key>dependencies</key>
			<array/>
			<key>isa</key>
			<string>PBXNativeTarget</string>
			<key>name</key>
			<string>LeanDesign</string>
			<key>productName</key>
			<string>newLeanDesign</string>
			<key>productReference</key>
			<string>CBE682B81D93EBD300CB3679</string>
			<key>productType</key>
			<string>com.apple.product-type.application</string>
		</dict>
		<key>CBE682B81D93EBD300CB3679</key>
		<dict>
			<key>explicitFileType</key>
			<string>wrapper.application</string>
			<key>includeInIndex</key>
			<string>0</string>
			<key>isa</key>
			<string>PBXFileReference</string>
			<key>path</key>
			<string>LeanDesign.app</string>
			<key>sourceTree</key>
			<string>BUILT_PRODUCTS_DIR</string>
		</dict>
		<key>CBE682B91D93EBD300CB3679</key>
		<dict>
			<key>children</key>
			<array>
				<string>CBE682B81D93EBD300CB3679</string>
			</array>
			<key>isa</key>
			<string>PBXGroup</string>
			<key>name</key>
			<string>Products</string>
			<key>sourceTree</key>
			<string>&lt;group&gt;</string>
		</dict>
		<key>CBE682BA1D93EBD300CB3679</key>
		<dict>
			<key>children</key>
			<array>
				<string>CB39FAF91D942BF9007E9365</string>
				<string>CB39FAF01D942BAF007E9365</string>
				<string>CB39FAEF1D942B9A007E9365</string>
				<string>CB39FAD71D942A24007E9365</string>
				<string>CB39FAEA1D942B3A007E9365</string>
				<string>CBE682C21D93EBD400CB3679</string>
				<string>CBE682BB1D93EBD400CB3679</string>
				<string>CB39FB0F1D954FB4007E9365</string>
				<string>CBE682BF1D93EBD400CB3679</string>
				<string>CB39FB041D942C6E007E9365</string>
				<string>CB39FB051D942C6E007E9365</string>
				<string>CBE682C41D93EBD400CB3679</string>
				<string>CBE682C71D93EBD400CB3679</string>
				<string>CBFDCB051DD6F41C0038BE90</string>
				<string>CBFDCB071DD6F5A30038BE90</string>
			</array>
			<key>isa</key>
			<string>PBXGroup</string>
			<key>path</key>
			<string>newLeanDesign</string>
			<key>sourceTree</key>
			<string>&lt;group&gt;</string>
		</dict>
		<key>CBE682BB1D93EBD400CB3679</key>
		<dict>
			<key>isa</key>
			<string>PBXFileReference</string>
			<key>lastKnownFileType</key>
			<string>sourcecode.swift</string>
			<key>path</key>
			<string>AppDelegate.swift</string>
			<key>sourceTree</key>
			<string>&lt;group&gt;</string>
		</dict>
		<key>CBE682BC1D93EBD400CB3679</key>
		<dict>
			<key>fileRef</key>
			<string>CBE682BB1D93EBD400CB3679</string>
			<key>isa</key>
			<string>PBXBuildFile</string>
		</dict>
		<key>CBE682BF1D93EBD400CB3679</key>
		<dict>
			<key>children</key>
			<array>
				<string>CBE682C01D93EBD400CB3679</string>
				<string>CB6C741F1D99BAED00441588</string>
			</array>
			<key>isa</key>
			<string>PBXVariantGroup</string>
			<key>name</key>
			<string>Main.storyboard</string>
			<key>sourceTree</key>
			<string>&lt;group&gt;</string>
		</dict>
		<key>CBE682C01D93EBD400CB3679</key>
		<dict>
			<key>isa</key>
			<string>PBXFileReference</string>
			<key>lastKnownFileType</key>
			<string>file.storyboard</string>
			<key>name</key>
			<string>Base</string>
			<key>path</key>
			<string>Base.lproj/Main.storyboard</string>
			<key>sourceTree</key>
			<string>&lt;group&gt;</string>
		</dict>
		<key>CBE682C11D93EBD400CB3679</key>
		<dict>
			<key>fileRef</key>
			<string>CBE682BF1D93EBD400CB3679</string>
			<key>isa</key>
			<string>PBXBuildFile</string>
		</dict>
		<key>CBE682C21D93EBD400CB3679</key>
		<dict>
			<key>isa</key>
			<string>PBXFileReference</string>
			<key>lastKnownFileType</key>
			<string>folder.assetcatalog</string>
			<key>path</key>
			<string>Assets.xcassets</string>
			<key>sourceTree</key>
			<string>&lt;group&gt;</string>
		</dict>
		<key>CBE682C31D93EBD400CB3679</key>
		<dict>
			<key>fileRef</key>
			<string>CBE682C21D93EBD400CB3679</string>
			<key>isa</key>
			<string>PBXBuildFile</string>
		</dict>
		<key>CBE682C41D93EBD400CB3679</key>
		<dict>
			<key>children</key>
			<array>
				<string>CBE682C51D93EBD400CB3679</string>
				<string>CB6C74201D99BAED00441588</string>
			</array>
			<key>isa</key>
			<string>PBXVariantGroup</string>
			<key>name</key>
			<string>LaunchScreen.storyboard</string>
			<key>sourceTree</key>
			<string>&lt;group&gt;</string>
		</dict>
		<key>CBE682C51D93EBD400CB3679</key>
		<dict>
			<key>isa</key>
			<string>PBXFileReference</string>
			<key>lastKnownFileType</key>
			<string>file.storyboard</string>
			<key>name</key>
			<string>Base</string>
			<key>path</key>
			<string>Base.lproj/LaunchScreen.storyboard</string>
			<key>sourceTree</key>
			<string>&lt;group&gt;</string>
		</dict>
		<key>CBE682C61D93EBD400CB3679</key>
		<dict>
			<key>fileRef</key>
			<string>CBE682C41D93EBD400CB3679</string>
			<key>isa</key>
			<string>PBXBuildFile</string>
		</dict>
		<key>CBE682C71D93EBD400CB3679</key>
		<dict>
			<key>isa</key>
			<string>PBXFileReference</string>
			<key>lastKnownFileType</key>
			<string>text.plist.xml</string>
			<key>path</key>
			<string>Info.plist</string>
			<key>sourceTree</key>
			<string>&lt;group&gt;</string>
		</dict>
		<key>CBE682C81D93EBD400CB3679</key>
		<dict>
			<key>buildSettings</key>
			<dict>
				<key>ALWAYS_SEARCH_USER_PATHS</key>
				<string>NO</string>
				<key>CLANG_ANALYZER_NONNULL</key>
				<string>YES</string>
				<key>CLANG_CXX_LANGUAGE_STANDARD</key>
				<string>gnu++0x</string>
				<key>CLANG_CXX_LIBRARY</key>
				<string>libc++</string>
				<key>CLANG_ENABLE_MODULES</key>
				<string>YES</string>
				<key>CLANG_ENABLE_OBJC_ARC</key>
				<string>YES</string>
				<key>CLANG_WARN_BOOL_CONVERSION</key>
				<string>YES</string>
				<key>CLANG_WARN_CONSTANT_CONVERSION</key>
				<string>YES</string>
				<key>CLANG_WARN_DIRECT_OBJC_ISA_USAGE</key>
				<string>YES_ERROR</string>
				<key>CLANG_WARN_EMPTY_BODY</key>
				<string>YES</string>
				<key>CLANG_WARN_ENUM_CONVERSION</key>
				<string>YES</string>
				<key>CLANG_WARN_INT_CONVERSION</key>
				<string>YES</string>
				<key>CLANG_WARN_OBJC_ROOT_CLASS</key>
				<string>YES_ERROR</string>
				<key>CLANG_WARN_UNREACHABLE_CODE</key>
				<string>YES</string>
				<key>CLANG_WARN__DUPLICATE_METHOD_MATCH</key>
				<string>YES</string>
				<key>CODE_SIGN_IDENTITY[sdk=iphoneos*]</key>
				<string>iPhone Developer</string>
				<key>COPY_PHASE_STRIP</key>
				<string>NO</string>
				<key>DEBUG_INFORMATION_FORMAT</key>
				<string>dwarf</string>
				<key>ENABLE_BITCODE</key>
				<string>NO</string>
				<key>ENABLE_STRICT_OBJC_MSGSEND</key>
				<string>YES</string>
				<key>ENABLE_TESTABILITY</key>
				<string>YES</string>
				<key>GCC_C_LANGUAGE_STANDARD</key>
				<string>gnu99</string>
				<key>GCC_DYNAMIC_NO_PIC</key>
				<string>NO</string>
				<key>GCC_NO_COMMON_BLOCKS</key>
				<string>YES</string>
				<key>GCC_OPTIMIZATION_LEVEL</key>
				<string>0</string>
				<key>GCC_PREPROCESSOR_DEFINITIONS</key>
				<array>
					<string>DEBUG=1</string>
					<string>$(inherited)</string>
				</array>
				<key>GCC_WARN_64_TO_32_BIT_CONVERSION</key>
				<string>YES</string>
				<key>GCC_WARN_ABOUT_RETURN_TYPE</key>
				<string>YES_ERROR</string>
				<key>GCC_WARN_UNDECLARED_SELECTOR</key>
				<string>YES</string>
				<key>GCC_WARN_UNINITIALIZED_AUTOS</key>
				<string>YES_AGGRESSIVE</string>
				<key>GCC_WARN_UNUSED_FUNCTION</key>
				<string>YES</string>
				<key>GCC_WARN_UNUSED_VARIABLE</key>
				<string>YES</string>
				<key>IPHONEOS_DEPLOYMENT_TARGET</key>
				<string>9.3</string>
				<key>MTL_ENABLE_DEBUG_INFO</key>
				<string>YES</string>
				<key>ONLY_ACTIVE_ARCH</key>
				<string>YES</string>
				<key>SDKROOT</key>
				<string>iphoneos</string>
				<key>SWIFT_OPTIMIZATION_LEVEL</key>
				<string>-Onone</string>
				<key>TARGETED_DEVICE_FAMILY</key>
				<string>1,2</string>
			</dict>
			<key>isa</key>
			<string>XCBuildConfiguration</string>
			<key>name</key>
			<string>Debug</string>
		</dict>
		<key>CBE682C91D93EBD400CB3679</key>
		<dict>
			<key>buildSettings</key>
			<dict>
				<key>ALWAYS_SEARCH_USER_PATHS</key>
				<string>NO</string>
				<key>CLANG_ANALYZER_NONNULL</key>
				<string>YES</string>
				<key>CLANG_CXX_LANGUAGE_STANDARD</key>
				<string>gnu++0x</string>
				<key>CLANG_CXX_LIBRARY</key>
				<string>libc++</string>
				<key>CLANG_ENABLE_MODULES</key>
				<string>YES</string>
				<key>CLANG_ENABLE_OBJC_ARC</key>
				<string>YES</string>
				<key>CLANG_WARN_BOOL_CONVERSION</key>
				<string>YES</string>
				<key>CLANG_WARN_CONSTANT_CONVERSION</key>
				<string>YES</string>
				<key>CLANG_WARN_DIRECT_OBJC_ISA_USAGE</key>
				<string>YES_ERROR</string>
				<key>CLANG_WARN_EMPTY_BODY</key>
				<string>YES</string>
				<key>CLANG_WARN_ENUM_CONVERSION</key>
				<string>YES</string>
				<key>CLANG_WARN_INT_CONVERSION</key>
				<string>YES</string>
				<key>CLANG_WARN_OBJC_ROOT_CLASS</key>
				<string>YES_ERROR</string>
				<key>CLANG_WARN_UNREACHABLE_CODE</key>
				<string>YES</string>
				<key>CLANG_WARN__DUPLICATE_METHOD_MATCH</key>
				<string>YES</string>
				<key>CODE_SIGN_IDENTITY[sdk=iphoneos*]</key>
				<string>iPhone Developer</string>
				<key>COPY_PHASE_STRIP</key>
				<string>NO</string>
				<key>DEBUG_INFORMATION_FORMAT</key>
				<string>dwarf-with-dsym</string>
				<key>ENABLE_BITCODE</key>
				<string>NO</string>
				<key>ENABLE_NS_ASSERTIONS</key>
				<string>NO</string>
				<key>ENABLE_STRICT_OBJC_MSGSEND</key>
				<string>YES</string>
				<key>GCC_C_LANGUAGE_STANDARD</key>
				<string>gnu99</string>
				<key>GCC_NO_COMMON_BLOCKS</key>
				<string>YES</string>
				<key>GCC_WARN_64_TO_32_BIT_CONVERSION</key>
				<string>YES</string>
				<key>GCC_WARN_ABOUT_RETURN_TYPE</key>
				<string>YES_ERROR</string>
				<key>GCC_WARN_UNDECLARED_SELECTOR</key>
				<string>YES</string>
				<key>GCC_WARN_UNINITIALIZED_AUTOS</key>
				<string>YES_AGGRESSIVE</string>
				<key>GCC_WARN_UNUSED_FUNCTION</key>
				<string>YES</string>
				<key>GCC_WARN_UNUSED_VARIABLE</key>
				<string>YES</string>
				<key>IPHONEOS_DEPLOYMENT_TARGET</key>
				<string>9.3</string>
				<key>MTL_ENABLE_DEBUG_INFO</key>
				<string>NO</string>
				<key>ONLY_ACTIVE_ARCH</key>
				<string>NO</string>
				<key>SDKROOT</key>
				<string>iphoneos</string>
				<key>TARGETED_DEVICE_FAMILY</key>
				<string>1,2</string>
				<key>VALIDATE_PRODUCT</key>
				<string>YES</string>
			</dict>
			<key>isa</key>
			<string>XCBuildConfiguration</string>
			<key>name</key>
			<string>Release</string>
		</dict>
		<key>CBE682CA1D93EBD400CB3679</key>
		<dict>
			<key>buildConfigurations</key>
			<array>
				<string>CBE682CB1D93EBD400CB3679</string>
				<string>CBE682CC1D93EBD400CB3679</string>
			</array>
			<key>defaultConfigurationIsVisible</key>
			<string>0</string>
			<key>defaultConfigurationName</key>
			<string>Release</string>
			<key>isa</key>
			<string>XCConfigurationList</string>
		</dict>
		<key>CBE682CB1D93EBD400CB3679</key>
		<dict>
			<key>baseConfigurationReference</key>
			<string>56E5CC4B187F18A5A09B1A54</string>
			<key>buildSettings</key>
			<dict>
				<key>ASSETCATALOG_COMPILER_APPICON_NAME</key>
				<string>AppIcon</string>
				<key>CODE_SIGN_ENTITLEMENTS</key>
				<string>LeanDesign.entitlements</string>
				<key>CODE_SIGN_IDENTITY</key>
				<string>iPhone Developer</string>
				<key>INFOPLIST_FILE</key>
				<string>newLeanDesign/Info.plist</string>
				<key>LD_RUNPATH_SEARCH_PATHS</key>
				<string>$(inherited) @executable_path/Frameworks</string>
				<key>ONLY_ACTIVE_ARCH</key>
				<string>YES</string>
				<key>PRODUCT_BUNDLE_IDENTIFIER</key>
				<string>com.newLeanDesign.iOS</string>
				<key>PRODUCT_NAME</key>
				<string>LeanDesign</string>
				<key>SWIFT_VERSION</key>
				<string>3.0</string>
				<key>TARGETED_DEVICE_FAMILY</key>
				<string>1</string>
			</dict>
			<key>isa</key>
			<string>XCBuildConfiguration</string>
			<key>name</key>
			<string>Debug</string>
		</dict>
		<key>CBE682CC1D93EBD400CB3679</key>
		<dict>
			<key>baseConfigurationReference</key>
			<string>59699B5422D4A2BF5104CCF8</string>
			<key>buildSettings</key>
			<dict>
				<key>ASSETCATALOG_COMPILER_APPICON_NAME</key>
				<string>AppIcon</string>
				<key>CODE_SIGN_ENTITLEMENTS</key>
				<string>LeanDesign.entitlements</string>
				<key>CODE_SIGN_IDENTITY</key>
				<string>iPhone Developer</string>
				<key>INFOPLIST_FILE</key>
				<string>newLeanDesign/Info.plist</string>
				<key>LD_RUNPATH_SEARCH_PATHS</key>
				<string>$(inherited) @executable_path/Frameworks</string>
				<key>ONLY_ACTIVE_ARCH</key>
				<string>NO</string>
				<key>PRODUCT_BUNDLE_IDENTIFIER</key>
				<string>com.newLeanDesign.iOS</string>
				<key>PRODUCT_NAME</key>
				<string>LeanDesign</string>
				<key>SWIFT_VERSION</key>
				<string>3.0</string>
				<key>TARGETED_DEVICE_FAMILY</key>
				<string>1</string>
			</dict>
			<key>isa</key>
			<string>XCBuildConfiguration</string>
			<key>name</key>
			<string>Release</string>
		</dict>
		<key>CBF891801DDAD2A800437DEA</key>
		<dict>
			<key>fileEncoding</key>
			<string>4</string>
			<key>isa</key>
			<string>PBXFileReference</string>
			<key>lastKnownFileType</key>
			<string>sourcecode.swift</string>
			<key>path</key>
			<string>NoMoneyViewController.swift</string>
			<key>sourceTree</key>
			<string>&lt;group&gt;</string>
		</dict>
		<key>CBF891811DDAD2A800437DEA</key>
		<dict>
			<key>fileRef</key>
			<string>CBF891801DDAD2A800437DEA</string>
			<key>isa</key>
			<string>PBXBuildFile</string>
		</dict>
		<key>CBF891821DDAE1A800437DEA</key>
		<dict>
			<key>fileEncoding</key>
			<string>4</string>
			<key>isa</key>
			<string>PBXFileReference</string>
			<key>lastKnownFileType</key>
			<string>sourcecode.swift</string>
			<key>path</key>
			<string>PayViewController.swift</string>
			<key>sourceTree</key>
			<string>&lt;group&gt;</string>
		</dict>
		<key>CBF891831DDAE1A800437DEA</key>
		<dict>
			<key>fileRef</key>
			<string>CBF891821DDAE1A800437DEA</string>
			<key>isa</key>
			<string>PBXBuildFile</string>
		</dict>
		<key>CBFDCB051DD6F41C0038BE90</key>
		<dict>
			<key>fileEncoding</key>
			<string>4</string>
			<key>isa</key>
			<string>PBXFileReference</string>
			<key>lastKnownFileType</key>
			<string>text.plist.xml</string>
			<key>path</key>
			<string>GoogleService-Info.plist</string>
			<key>sourceTree</key>
			<string>&lt;group&gt;</string>
		</dict>
		<key>CBFDCB061DD6F41C0038BE90</key>
		<dict>
			<key>fileRef</key>
			<string>CBFDCB051DD6F41C0038BE90</string>
			<key>isa</key>
			<string>PBXBuildFile</string>
		</dict>
		<key>CBFDCB071DD6F5A30038BE90</key>
		<dict>
			<key>fileEncoding</key>
			<string>4</string>
			<key>isa</key>
			<string>PBXFileReference</string>
			<key>lastKnownFileType</key>
			<string>text.plist.xml</string>
			<key>path</key>
			<string>GoogleService-Info-test.plist</string>
			<key>sourceTree</key>
			<string>&lt;group&gt;</string>
		</dict>
		<key>CBFDCB081DD6F5A30038BE90</key>
		<dict>
			<key>fileRef</key>
			<string>CBFDCB071DD6F5A30038BE90</string>
			<key>isa</key>
			<string>PBXBuildFile</string>
		</dict>
		<key>E717952903A8C4B153DE3BDB</key>
		<dict>
			<key>buildActionMask</key>
			<string>2147483647</string>
			<key>files</key>
			<array/>
			<key>inputPaths</key>
			<array/>
			<key>isa</key>
			<string>PBXShellScriptBuildPhase</string>
			<key>name</key>
			<string>&#128230; Embed Pods Frameworks</string>
			<key>outputPaths</key>
			<array/>
			<key>runOnlyForDeploymentPostprocessing</key>
			<string>0</string>
			<key>shellPath</key>
			<string>/bin/sh</string>
			<key>shellScript</key>
			<string>"${SRCROOT}/Pods/Target Support Files/Pods-LeanDesign/Pods-LeanDesign-frameworks.sh"
</string>
			<key>showEnvVarsInLog</key>
			<string>0</string>
		</dict>
		<key>F6A5031F176D2E61DAF9FB33</key>
		<dict>
			<key>fileRef</key>
			<string>3F6E620C7524C3FC9EF9A9D9</string>
			<key>isa</key>
			<string>PBXBuildFile</string>
		</dict>
		<key>FAE6F8CEE853257B5119A9F0</key>
		<dict>
			<key>children</key>
			<array>
				<string>56E5CC4B187F18A5A09B1A54</string>
				<string>59699B5422D4A2BF5104CCF8</string>
			</array>
			<key>isa</key>
			<string>PBXGroup</string>
			<key>name</key>
			<string>Pods</string>
			<key>sourceTree</key>
			<string>&lt;group&gt;</string>
		</dict>
	</dict>
	<key>rootObject</key>
	<string>CBE682B01D93EBD300CB3679</string>
</dict>
</plist>
